
Microsoft Visual Studio Solution File, Format Version 12.00
# Visual Studio 15
VisualStudioVersion = 15.0.28307.1000
MinimumVisualStudioVersion = 10.0.40219.1
Project("{FAE04EC0-301F-11D3-BF4B-00C04F79EFBC}") = "IntegracionContinuaMediPlus", "IntegracionContinuaMediPlus\IntegracionContinuaMediPlus.csproj", "{755934E0-CD6D-4CEB-AE00-A5C8030DE854}"
EndProject
Project("{E53339B2-1760-4266-BCC7-CA923CBCF16C}") = "docker-compose", "docker-compose.dcproj", "{8296C541-BC45-43C9-B486-421487133C8D}"
EndProject
Project("{2150E333-8FDC-42A3-9474-1A3956D46DE8}") = "Solution Items", "Solution Items", "{26FF4CB3-7AF8-4AF2-B312-CE810B0EF551}"
	ProjectSection(SolutionItems) = preProject
		.travis.yml = .travis.yml
	EndProjectSection
EndProject
Global
	GlobalSection(SolutionConfigurationPlatforms) = preSolution
		Debug|Any CPU = Debug|Any CPU
		Release|Any CPU = Release|Any CPU
	EndGlobalSection
	GlobalSection(ProjectConfigurationPlatforms) = postSolution
		{755934E0-CD6D-4CEB-AE00-A5C8030DE854}.Debug|Any CPU.ActiveCfg = Debug|Any CPU
		{755934E0-CD6D-4CEB-AE00-A5C8030DE854}.Debug|Any CPU.Build.0 = Debug|Any CPU
		{755934E0-CD6D-4CEB-AE00-A5C8030DE854}.Release|Any CPU.ActiveCfg = Release|Any CPU
		{755934E0-CD6D-4CEB-AE00-A5C8030DE854}.Release|Any CPU.Build.0 = Release|Any CPU
		{8296C541-BC45-43C9-B486-421487133C8D}.Debug|Any CPU.ActiveCfg = Debug|Any CPU
		{8296C541-BC45-43C9-B486-421487133C8D}.Debug|Any CPU.Build.0 = Debug|Any CPU
		{8296C541-BC45-43C9-B486-421487133C8D}.Release|Any CPU.ActiveCfg = Release|Any CPU
		{8296C541-BC45-43C9-B486-421487133C8D}.Release|Any CPU.Build.0 = Release|Any CPU
	EndGlobalSection
	GlobalSection(SolutionProperties) = preSolution
		HideSolutionNode = FALSE
	EndGlobalSection
	GlobalSection(ExtensibilityGlobals) = postSolution
		SolutionGuid = {19BCD9DA-3FFB-4DED-9DFB-AFC24EBFBD4A}
	EndGlobalSection
EndGlobal
